
Microsoft Visual Studio Solution File, Format Version 12.00
Project("{2150E333-8FDC-42A3-9474-1A3956D46DE8}") = "src", "src", "{B3BD819B-FE51-428F-A260-05AFEFC59E69}"
EndProject
Project("{FAE04EC0-301F-11D3-BF4B-00C04F79EFBC}") = "Domain", "Domain\Domain.csproj", "{D30D71FC-80BD-4E97-8ECF-0614C7CC8A81}"
EndProject
Project("{FAE04EC0-301F-11D3-BF4B-00C04F79EFBC}") = "Application", "Application\Application.csproj", "{2468BB87-ED1A-4EE4-82E9-F0FC41A4BF56}"
EndProject
Project("{FAE04EC0-301F-11D3-BF4B-00C04F79EFBC}") = "Infrastructure", "Infrastructure\Infrastructure.csproj", "{A17754EA-F867-4A14-A765-A2A2BA867D95}"
EndProject
Project("{FAE04EC0-301F-11D3-BF4B-00C04F79EFBC}") = "Persistence", "Persistence\Persistence.csproj", "{C5228D42-FDC5-41B7-BEB3-D310A13A612C}"
EndProject
Project("{FAE04EC0-301F-11D3-BF4B-00C04F79EFBC}") = "Shared", "Shared\Shared.csproj", "{0458482A-E58E-4A9A-8C20-FD0636C4A1C7}"
EndProject
Project("{2150E333-8FDC-42A3-9474-1A3956D46DE8}") = "tests", "tests", "{F9F8B17E-B902-4218-A0DD-88DD7C2C9D87}"
EndProject
Project("{FAE04EC0-301F-11D3-BF4B-00C04F79EFBC}") = "UnitTests", "UnitTests\UnitTests.csproj", "{5437792E-9B6A-4A33-BEEC-C91ABE38A0EE}"
EndProject
Project("{FAE04EC0-301F-11D3-BF4B-00C04F79EFBC}") = "IntegrationTests", "IntegrationTests\IntegrationTests.csproj", "{07B6F892-B006-4CC0-9359-A547C4157660}"
EndProject
Global
	GlobalSection(SolutionConfigurationPlatforms) = preSolution
		Debug|Any CPU = Debug|Any CPU
		Release|Any CPU = Release|Any CPU
	EndGlobalSection
	GlobalSection(NestedProjects) = preSolution
		{D30D71FC-80BD-4E97-8ECF-0614C7CC8A81} = {B3BD819B-FE51-428F-A260-05AFEFC59E69}
		{2468BB87-ED1A-4EE4-82E9-F0FC41A4BF56} = {B3BD819B-FE51-428F-A260-05AFEFC59E69}
		{A17754EA-F867-4A14-A765-A2A2BA867D95} = {B3BD819B-FE51-428F-A260-05AFEFC59E69}
		{C5228D42-FDC5-41B7-BEB3-D310A13A612C} = {B3BD819B-FE51-428F-A260-05AFEFC59E69}
		{0458482A-E58E-4A9A-8C20-FD0636C4A1C7} = {B3BD819B-FE51-428F-A260-05AFEFC59E69}
		{5437792E-9B6A-4A33-BEEC-C91ABE38A0EE} = {F9F8B17E-B902-4218-A0DD-88DD7C2C9D87}
		{07B6F892-B006-4CC0-9359-A547C4157660} = {F9F8B17E-B902-4218-A0DD-88DD7C2C9D87}
	EndGlobalSection
	GlobalSection(ProjectConfigurationPlatforms) = postSolution
		{D30D71FC-80BD-4E97-8ECF-0614C7CC8A81}.Debug|Any CPU.ActiveCfg = Debug|Any CPU
		{D30D71FC-80BD-4E97-8ECF-0614C7CC8A81}.Debug|Any CPU.Build.0 = Debug|Any CPU
		{D30D71FC-80BD-4E97-8ECF-0614C7CC8A81}.Release|Any CPU.ActiveCfg = Release|Any CPU
		{D30D71FC-80BD-4E97-8ECF-0614C7CC8A81}.Release|Any CPU.Build.0 = Release|Any CPU
		{2468BB87-ED1A-4EE4-82E9-F0FC41A4BF56}.Debug|Any CPU.ActiveCfg = Debug|Any CPU
		{2468BB87-ED1A-4EE4-82E9-F0FC41A4BF56}.Debug|Any CPU.Build.0 = Debug|Any CPU
		{2468BB87-ED1A-4EE4-82E9-F0FC41A4BF56}.Release|Any CPU.ActiveCfg = Release|Any CPU
		{2468BB87-ED1A-4EE4-82E9-F0FC41A4BF56}.Release|Any CPU.Build.0 = Release|Any CPU
		{A17754EA-F867-4A14-A765-A2A2BA867D95}.Debug|Any CPU.ActiveCfg = Debug|Any CPU
		{A17754EA-F867-4A14-A765-A2A2BA867D95}.Debug|Any CPU.Build.0 = Debug|Any CPU
		{A17754EA-F867-4A14-A765-A2A2BA867D95}.Release|Any CPU.ActiveCfg = Release|Any CPU
		{A17754EA-F867-4A14-A765-A2A2BA867D95}.Release|Any CPU.Build.0 = Release|Any CPU
		{C5228D42-FDC5-41B7-BEB3-D310A13A612C}.Debug|Any CPU.ActiveCfg = Debug|Any CPU
		{C5228D42-FDC5-41B7-BEB3-D310A13A612C}.Debug|Any CPU.Build.0 = Debug|Any CPU
		{C5228D42-FDC5-41B7-BEB3-D310A13A612C}.Release|Any CPU.ActiveCfg = Release|Any CPU
		{C5228D42-FDC5-41B7-BEB3-D310A13A612C}.Release|Any CPU.Build.0 = Release|Any CPU
		{0458482A-E58E-4A9A-8C20-FD0636C4A1C7}.Debug|Any CPU.ActiveCfg = Debug|Any CPU
		{0458482A-E58E-4A9A-8C20-FD0636C4A1C7}.Debug|Any CPU.Build.0 = Debug|Any CPU
		{0458482A-E58E-4A9A-8C20-FD0636C4A1C7}.Release|Any CPU.ActiveCfg = Release|Any CPU
		{0458482A-E58E-4A9A-8C20-FD0636C4A1C7}.Release|Any CPU.Build.0 = Release|Any CPU
		{5437792E-9B6A-4A33-BEEC-C91ABE38A0EE}.Debug|Any CPU.ActiveCfg = Debug|Any CPU
		{5437792E-9B6A-4A33-BEEC-C91ABE38A0EE}.Debug|Any CPU.Build.0 = Debug|Any CPU
		{5437792E-9B6A-4A33-BEEC-C91ABE38A0EE}.Release|Any CPU.ActiveCfg = Release|Any CPU
		{5437792E-9B6A-4A33-BEEC-C91ABE38A0EE}.Release|Any CPU.Build.0 = Release|Any CPU
		{07B6F892-B006-4CC0-9359-A547C4157660}.Debug|Any CPU.ActiveCfg = Debug|Any CPU
		{07B6F892-B006-4CC0-9359-A547C4157660}.Debug|Any CPU.Build.0 = Debug|Any CPU
		{07B6F892-B006-4CC0-9359-A547C4157660}.Release|Any CPU.ActiveCfg = Release|Any CPU
		{07B6F892-B006-4CC0-9359-A547C4157660}.Release|Any CPU.Build.0 = Release|Any CPU
	EndGlobalSection
EndGlobal
